
Microsoft Visual Studio Solution File, Format Version 12.00
# Visual Studio Version 16
VisualStudioVersion = 16.0.31424.327
MinimumVisualStudioVersion = 10.0.40219.1
Project("{FAE04EC0-301F-11D3-BF4B-00C04F79EFBC}") = "inventory_barang(Ardia)", "04_Azhar-inventory\inventory_barang(Ardia).csproj", "{1D25C1F6-F465-4D31-BF17-4711318EBB86}"
EndProject
Global
	GlobalSection(SolutionConfigurationPlatforms) = preSolution
		Debug|Any CPU = Debug|Any CPU
		Release|Any CPU = Release|Any CPU
	EndGlobalSection
	GlobalSection(ProjectConfigurationPlatforms) = postSolution
		{1D25C1F6-F465-4D31-BF17-4711318EBB86}.Debug|Any CPU.ActiveCfg = Debug|Any CPU
		{1D25C1F6-F465-4D31-BF17-4711318EBB86}.Debug|Any CPU.Build.0 = Debug|Any CPU
		{1D25C1F6-F465-4D31-BF17-4711318EBB86}.Release|Any CPU.ActiveCfg = Release|Any CPU
		{1D25C1F6-F465-4D31-BF17-4711318EBB86}.Release|Any CPU.Build.0 = Release|Any CPU
	EndGlobalSection
	GlobalSection(SolutionProperties) = preSolution
		HideSolutionNode = FALSE
	EndGlobalSection
	GlobalSection(ExtensibilityGlobals) = postSolution
		SolutionGuid = {A1506592-1C91-4D78-A500-29D26B19DFFF}
	EndGlobalSection
EndGlobal
